// !$*UTF8*$!
{
	archiveVersion = 1;
	classes = {
	};
	objectVersion = 50;
	objects = {

/* Begin PBXBuildFile section */
		E8E16D54225056C500F1756C /* AppDelegate.swift in Sources */ = {isa = PBXBuildFile; fileRef = E8E16D53225056C500F1756C /* AppDelegate.swift */; };
		E8E16D56225056C500F1756C /* ViewController.swift in Sources */ = {isa = PBXBuildFile; fileRef = E8E16D55225056C500F1756C /* ViewController.swift */; };
		E8E16D59225056C500F1756C /* Main.storyboard in Resources */ = {isa = PBXBuildFile; fileRef = E8E16D57225056C500F1756C /* Main.storyboard */; };
		E8E16D5B225056C700F1756C /* Assets.xcassets in Resources */ = {isa = PBXBuildFile; fileRef = E8E16D5A225056C700F1756C /* Assets.xcassets */; };
		E8E16D5E225056C700F1756C /* LaunchScreen.storyboard in Resources */ = {isa = PBXBuildFile; fileRef = E8E16D5C225056C700F1756C /* LaunchScreen.storyboard */; };
		E8E16D69225056C700F1756C /* HydrantsTests.swift in Sources */ = {isa = PBXBuildFile; fileRef = E8E16D68225056C700F1756C /* HydrantsTests.swift */; };
		E8E16D74225056C700F1756C /* HydrantsUITests.swift in Sources */ = {isa = PBXBuildFile; fileRef = E8E16D73225056C700F1756C /* HydrantsUITests.swift */; };
		E8E16D83225056F400F1756C /* MapKit.framework in Frameworks */ = {isa = PBXBuildFile; fileRef = E8E16D82225056F400F1756C /* MapKit.framework */; };
		E8E16D8522505E2500F1756C /* HydrantUpdate.swift in Sources */ = {isa = PBXBuildFile; fileRef = E8E16D8422505E2500F1756C /* HydrantUpdate.swift */; };
		E8E16D8722505E3300F1756C /* HydrantStore.swift in Sources */ = {isa = PBXBuildFile; fileRef = E8E16D8622505E3300F1756C /* HydrantStore.swift */; };
		E8E16D8922505E3C00F1756C /* ImageStore.swift in Sources */ = {isa = PBXBuildFile; fileRef = E8E16D8822505E3C00F1756C /* ImageStore.swift */; };
		E8E16D8B225079DE00F1756C /* HydrantAnnotation.swift in Sources */ = {isa = PBXBuildFile; fileRef = E8E16D8A225079DE00F1756C /* HydrantAnnotation.swift */; };
/* End PBXBuildFile section */

/* Begin PBXContainerItemProxy section */
		E8E16D65225056C700F1756C /* PBXContainerItemProxy */ = {
			isa = PBXContainerItemProxy;
			containerPortal = E8E16D48225056C500F1756C /* Project object */;
			proxyType = 1;
			remoteGlobalIDString = E8E16D4F225056C500F1756C;
			remoteInfo = Hydrants;
		};
		E8E16D70225056C700F1756C /* PBXContainerItemProxy */ = {
			isa = PBXContainerItemProxy;
			containerPortal = E8E16D48225056C500F1756C /* Project object */;
			proxyType = 1;
			remoteGlobalIDString = E8E16D4F225056C500F1756C;
			remoteInfo = Hydrants;
		};
/* End PBXContainerItemProxy section */

/* Begin PBXFileReference section */
		E8E16D50225056C500F1756C /* Hydrants.app */ = {isa = PBXFileReference; explicitFileType = wrapper.application; includeInIndex = 0; path = Hydrants.app; sourceTree = BUILT_PRODUCTS_DIR; };
		E8E16D53225056C500F1756C /* AppDelegate.swift */ = {isa = PBXFileReference; lastKnownFileType = sourcecode.swift; path = AppDelegate.swift; sourceTree = "<group>"; };
		E8E16D55225056C500F1756C /* ViewController.swift */ = {isa = PBXFileReference; lastKnownFileType = sourcecode.swift; path = ViewController.swift; sourceTree = "<group>"; };
		E8E16D58225056C500F1756C /* Base */ = {isa = PBXFileReference; lastKnownFileType = file.storyboard; name = Base; path = Base.lproj/Main.storyboard; sourceTree = "<group>"; };
		E8E16D5A225056C700F1756C /* Assets.xcassets */ = {isa = PBXFileReference; lastKnownFileType = folder.assetcatalog; path = Assets.xcassets; sourceTree = "<group>"; };
		E8E16D5D225056C700F1756C /* Base */ = {isa = PBXFileReference; lastKnownFileType = file.storyboard; name = Base; path = Base.lproj/LaunchScreen.storyboard; sourceTree = "<group>"; };
		E8E16D5F225056C700F1756C /* Info.plist */ = {isa = PBXFileReference; lastKnownFileType = text.plist.xml; path = Info.plist; sourceTree = "<group>"; };
		E8E16D64225056C700F1756C /* HydrantsTests.xctest */ = {isa = PBXFileReference; explicitFileType = wrapper.cfbundle; includeInIndex = 0; path = HydrantsTests.xctest; sourceTree = BUILT_PRODUCTS_DIR; };
		E8E16D68225056C700F1756C /* HydrantsTests.swift */ = {isa = PBXFileReference; lastKnownFileType = sourcecode.swift; path = HydrantsTests.swift; sourceTree = "<group>"; };
		E8E16D6A225056C700F1756C /* Info.plist */ = {isa = PBXFileReference; lastKnownFileType = text.plist.xml; path = Info.plist; sourceTree = "<group>"; };
		E8E16D6F225056C700F1756C /* HydrantsUITests.xctest */ = {isa = PBXFileReference; explicitFileType = wrapper.cfbundle; includeInIndex = 0; path = HydrantsUITests.xctest; sourceTree = BUILT_PRODUCTS_DIR; };
		E8E16D73225056C700F1756C /* HydrantsUITests.swift */ = {isa = PBXFileReference; lastKnownFileType = sourcecode.swift; path = HydrantsUITests.swift; sourceTree = "<group>"; };
		E8E16D75225056C700F1756C /* Info.plist */ = {isa = PBXFileReference; lastKnownFileType = text.plist.xml; path = Info.plist; sourceTree = "<group>"; };
		E8E16D82225056F400F1756C /* MapKit.framework */ = {isa = PBXFileReference; lastKnownFileType = wrapper.framework; name = MapKit.framework; path = System/Library/Frameworks/MapKit.framework; sourceTree = SDKROOT; };
		E8E16D8422505E2500F1756C /* HydrantUpdate.swift */ = {isa = PBXFileReference; lastKnownFileType = sourcecode.swift; path = HydrantUpdate.swift; sourceTree = "<group>"; };
		E8E16D8622505E3300F1756C /* HydrantStore.swift */ = {isa = PBXFileReference; lastKnownFileType = sourcecode.swift; path = HydrantStore.swift; sourceTree = "<group>"; };
		E8E16D8822505E3C00F1756C /* ImageStore.swift */ = {isa = PBXFileReference; lastKnownFileType = sourcecode.swift; path = ImageStore.swift; sourceTree = "<group>"; };
		E8E16D8A225079DE00F1756C /* HydrantAnnotation.swift */ = {isa = PBXFileReference; lastKnownFileType = sourcecode.swift; path = HydrantAnnotation.swift; sourceTree = "<group>"; };
/* End PBXFileReference section */

/* Begin PBXFrameworksBuildPhase section */
		E8E16D4D225056C500F1756C /* Frameworks */ = {
			isa = PBXFrameworksBuildPhase;
			buildActionMask = 2147483647;
			files = (
				E8E16D83225056F400F1756C /* MapKit.framework in Frameworks */,
			);
			runOnlyForDeploymentPostprocessing = 0;
		};
		E8E16D61225056C700F1756C /* Frameworks */ = {
			isa = PBXFrameworksBuildPhase;
			buildActionMask = 2147483647;
			files = (
			);
			runOnlyForDeploymentPostprocessing = 0;
		};
		E8E16D6C225056C700F1756C /* Frameworks */ = {
			isa = PBXFrameworksBuildPhase;
			buildActionMask = 2147483647;
			files = (
			);
			runOnlyForDeploymentPostprocessing = 0;
		};
/* End PBXFrameworksBuildPhase section */

/* Begin PBXGroup section */
		E8E16D47225056C500F1756C = {
			isa = PBXGroup;
			children = (
				E8E16D52225056C500F1756C /* Hydrants */,
				E8E16D67225056C700F1756C /* HydrantsTests */,
				E8E16D72225056C700F1756C /* HydrantsUITests */,
				E8E16D51225056C500F1756C /* Products */,
				E8E16D81225056F300F1756C /* Frameworks */,
			);
			sourceTree = "<group>";
		};
		E8E16D51225056C500F1756C /* Products */ = {
			isa = PBXGroup;
			children = (
				E8E16D50225056C500F1756C /* Hydrants.app */,
				E8E16D64225056C700F1756C /* HydrantsTests.xctest */,
				E8E16D6F225056C700F1756C /* HydrantsUITests.xctest */,
			);
			name = Products;
			sourceTree = "<group>";
		};
		E8E16D52225056C500F1756C /* Hydrants */ = {
			isa = PBXGroup;
			children = (
				E8E16D53225056C500F1756C /* AppDelegate.swift */,
				E8E16D55225056C500F1756C /* ViewController.swift */,
				E8E16D8A225079DE00F1756C /* HydrantAnnotation.swift */,
				E8E16D57225056C500F1756C /* Main.storyboard */,
				E8E16D8422505E2500F1756C /* HydrantUpdate.swift */,
				E8E16D8622505E3300F1756C /* HydrantStore.swift */,
				E8E16D8822505E3C00F1756C /* ImageStore.swift */,
				E8E16D5A225056C700F1756C /* Assets.xcassets */,
				E8E16D5C225056C700F1756C /* LaunchScreen.storyboard */,
				E8E16D5F225056C700F1756C /* Info.plist */,
			);
			path = Hydrants;
			sourceTree = "<group>";
		};
		E8E16D67225056C700F1756C /* HydrantsTests */ = {
			isa = PBXGroup;
			children = (
				E8E16D68225056C700F1756C /* HydrantsTests.swift */,
				E8E16D6A225056C700F1756C /* Info.plist */,
			);
			path = HydrantsTests;
			sourceTree = "<group>";
		};
		E8E16D72225056C700F1756C /* HydrantsUITests */ = {
			isa = PBXGroup;
			children = (
				E8E16D73225056C700F1756C /* HydrantsUITests.swift */,
				E8E16D75225056C700F1756C /* Info.plist */,
			);
			path = HydrantsUITests;
			sourceTree = "<group>";
		};
		E8E16D81225056F300F1756C /* Frameworks */ = {
			isa = PBXGroup;
			children = (
				E8E16D82225056F400F1756C /* MapKit.framework */,
			);
			name = Frameworks;
			sourceTree = "<group>";
		};
/* End PBXGroup section */

/* Begin PBXNativeTarget section */
		E8E16D4F225056C500F1756C /* Hydrants */ = {
			isa = PBXNativeTarget;
			buildConfigurationList = E8E16D78225056C700F1756C /* Build configuration list for PBXNativeTarget "Hydrants" */;
			buildPhases = (
				E8E16D4C225056C500F1756C /* Sources */,
				E8E16D4D225056C500F1756C /* Frameworks */,
				E8E16D4E225056C500F1756C /* Resources */,
			);
			buildRules = (
			);
			dependencies = (
			);
			name = Hydrants;
			productName = Hydrants;
			productReference = E8E16D50225056C500F1756C /* Hydrants.app */;
			productType = "com.apple.product-type.application";
		};
		E8E16D63225056C700F1756C /* HydrantsTests */ = {
			isa = PBXNativeTarget;
			buildConfigurationList = E8E16D7B225056C700F1756C /* Build configuration list for PBXNativeTarget "HydrantsTests" */;
			buildPhases = (
				E8E16D60225056C700F1756C /* Sources */,
				E8E16D61225056C700F1756C /* Frameworks */,
				E8E16D62225056C700F1756C /* Resources */,
			);
			buildRules = (
			);
			dependencies = (
				E8E16D66225056C700F1756C /* PBXTargetDependency */,
			);
			name = HydrantsTests;
			productName = HydrantsTests;
			productReference = E8E16D64225056C700F1756C /* HydrantsTests.xctest */;
			productType = "com.apple.product-type.bundle.unit-test";
		};
		E8E16D6E225056C700F1756C /* HydrantsUITests */ = {
			isa = PBXNativeTarget;
			buildConfigurationList = E8E16D7E225056C700F1756C /* Build configuration list for PBXNativeTarget "HydrantsUITests" */;
			buildPhases = (
				E8E16D6B225056C700F1756C /* Sources */,
				E8E16D6C225056C700F1756C /* Frameworks */,
				E8E16D6D225056C700F1756C /* Resources */,
			);
			buildRules = (
			);
			dependencies = (
				E8E16D71225056C700F1756C /* PBXTargetDependency */,
			);
			name = HydrantsUITests;
			productName = HydrantsUITests;
			productReference = E8E16D6F225056C700F1756C /* HydrantsUITests.xctest */;
			productType = "com.apple.product-type.bundle.ui-testing";
		};
/* End PBXNativeTarget section */

/* Begin PBXProject section */
		E8E16D48225056C500F1756C /* Project object */ = {
			isa = PBXProject;
			attributes = {
				LastSwiftUpdateCheck = 1010;
				LastUpgradeCheck = 1010;
				ORGANIZATIONNAME = Matthew;
				TargetAttributes = {
					E8E16D4F225056C500F1756C = {
						CreatedOnToolsVersion = 10.1;
					};
					E8E16D63225056C700F1756C = {
						CreatedOnToolsVersion = 10.1;
						TestTargetID = E8E16D4F225056C500F1756C;
					};
					E8E16D6E225056C700F1756C = {
						CreatedOnToolsVersion = 10.1;
						TestTargetID = E8E16D4F225056C500F1756C;
					};
				};
			};
			buildConfigurationList = E8E16D4B225056C500F1756C /* Build configuration list for PBXProject "Hydrants" */;
			compatibilityVersion = "Xcode 9.3";
			developmentRegion = en;
			hasScannedForEncodings = 0;
			knownRegions = (
				en,
				Base,
			);
			mainGroup = E8E16D47225056C500F1756C;
			productRefGroup = E8E16D51225056C500F1756C /* Products */;
			projectDirPath = "";
			projectRoot = "";
			targets = (
				E8E16D4F225056C500F1756C /* Hydrants */,
				E8E16D63225056C700F1756C /* HydrantsTests */,
				E8E16D6E225056C700F1756C /* HydrantsUITests */,
			);
		};
/* End PBXProject section */

/* Begin PBXResourcesBuildPhase section */
		E8E16D4E225056C500F1756C /* Resources */ = {
			isa = PBXResourcesBuildPhase;
			buildActionMask = 2147483647;
			files = (
				E8E16D5E225056C700F1756C /* LaunchScreen.storyboard in Resources */,
				E8E16D5B225056C700F1756C /* Assets.xcassets in Resources */,
				E8E16D59225056C500F1756C /* Main.storyboard in Resources */,
			);
			runOnlyForDeploymentPostprocessing = 0;
		};
		E8E16D62225056C700F1756C /* Resources */ = {
			isa = PBXResourcesBuildPhase;
			buildActionMask = 2147483647;
			files = (
			);
			runOnlyForDeploymentPostprocessing = 0;
		};
		E8E16D6D225056C700F1756C /* Resources */ = {
			isa = PBXResourcesBuildPhase;
			buildActionMask = 2147483647;
			files = (
			);
			runOnlyForDeploymentPostprocessing = 0;
		};
/* End PBXResourcesBuildPhase section */

/* Begin PBXSourcesBuildPhase section */
		E8E16D4C225056C500F1756C /* Sources */ = {
			isa = PBXSourcesBuildPhase;
			buildActionMask = 2147483647;
			files = (
				E8E16D8722505E3300F1756C /* HydrantStore.swift in Sources */,
				E8E16D8522505E2500F1756C /* HydrantUpdate.swift in Sources */,
				E8E16D56225056C500F1756C /* ViewController.swift in Sources */,
				E8E16D8922505E3C00F1756C /* ImageStore.swift in Sources */,
				E8E16D54225056C500F1756C /* AppDelegate.swift in Sources */,
				E8E16D8B225079DE00F1756C /* HydrantAnnotation.swift in Sources */,
			);
			runOnlyForDeploymentPostprocessing = 0;
		};
		E8E16D60225056C700F1756C /* Sources */ = {
			isa = PBXSourcesBuildPhase;
			buildActionMask = 2147483647;
			files = (
				E8E16D69225056C700F1756C /* HydrantsTests.swift in Sources */,
			);
			runOnlyForDeploymentPostprocessing = 0;
		};
		E8E16D6B225056C700F1756C /* Sources */ = {
			isa = PBXSourcesBuildPhase;
			buildActionMask = 2147483647;
			files = (
				E8E16D74225056C700F1756C /* HydrantsUITests.swift in Sources */,
			);
			runOnlyForDeploymentPostprocessing = 0;
		};
/* End PBXSourcesBuildPhase section */

/* Begin PBXTargetDependency section */
		E8E16D66225056C700F1756C /* PBXTargetDependency */ = {
			isa = PBXTargetDependency;
			target = E8E16D4F225056C500F1756C /* Hydrants */;
			targetProxy = E8E16D65225056C700F1756C /* PBXContainerItemProxy */;
		};
		E8E16D71225056C700F1756C /* PBXTargetDependency */ = {
			isa = PBXTargetDependency;
			target = E8E16D4F225056C500F1756C /* Hydrants */;
			targetProxy = E8E16D70225056C700F1756C /* PBXContainerItemProxy */;
		};
/* End PBXTargetDependency section */

/* Begin PBXVariantGroup section */
		E8E16D57225056C500F1756C /* Main.storyboard */ = {
			isa = PBXVariantGroup;
			children = (
				E8E16D58225056C500F1756C /* Base */,
			);
			name = Main.storyboard;
			sourceTree = "<group>";
		};
		E8E16D5C225056C700F1756C /* LaunchScreen.storyboard */ = {
			isa = PBXVariantGroup;
			children = (
				E8E16D5D225056C700F1756C /* Base */,
			);
			name = LaunchScreen.storyboard;
			sourceTree = "<group>";
		};
/* End PBXVariantGroup section */

/* Begin XCBuildConfiguration section */
		E8E16D76225056C700F1756C /* Debug */ = {
			isa = XCBuildConfiguration;
			buildSettings = {
				ALWAYS_SEARCH_USER_PATHS = NO;
				CLANG_ANALYZER_NONNULL = YES;
				CLANG_ANALYZER_NUMBER_OBJECT_CONVERSION = YES_AGGRESSIVE;
				CLANG_CXX_LANGUAGE_STANDARD = "gnu++14";
				CLANG_CXX_LIBRARY = "libc++";
				CLANG_ENABLE_MODULES = YES;
				CLANG_ENABLE_OBJC_ARC = YES;
				CLANG_ENABLE_OBJC_WEAK = YES;
				CLANG_WARN_BLOCK_CAPTURE_AUTORELEASING = YES;
				CLANG_WARN_BOOL_CONVERSION = YES;
				CLANG_WARN_COMMA = YES;
				CLANG_WARN_CONSTANT_CONVERSION = YES;
				CLANG_WARN_DEPRECATED_OBJC_IMPLEMENTATIONS = YES;
				CLANG_WARN_DIRECT_OBJC_ISA_USAGE = YES_ERROR;
				CLANG_WARN_DOCUMENTATION_COMMENTS = YES;
				CLANG_WARN_EMPTY_BODY = YES;
				CLANG_WARN_ENUM_CONVERSION = YES;
				CLANG_WARN_INFINITE_RECURSION = YES;
				CLANG_WARN_INT_CONVERSION = YES;
				CLANG_WARN_NON_LITERAL_NULL_CONVERSION = YES;
				CLANG_WARN_OBJC_IMPLICIT_RETAIN_SELF = YES;
				CLANG_WARN_OBJC_LITERAL_CONVERSION = YES;
				CLANG_WARN_OBJC_ROOT_CLASS = YES_ERROR;
				CLANG_WARN_RANGE_LOOP_ANALYSIS = YES;
				CLANG_WARN_STRICT_PROTOTYPES = YES;
				CLANG_WARN_SUSPICIOUS_MOVE = YES;
				CLANG_WARN_UNGUARDED_AVAILABILITY = YES_AGGRESSIVE;
				CLANG_WARN_UNREACHABLE_CODE = YES;
				CLANG_WARN__DUPLICATE_METHOD_MATCH = YES;
				CODE_SIGN_IDENTITY = "iPhone Developer";
				COPY_PHASE_STRIP = NO;
				DEBUG_INFORMATION_FORMAT = dwarf;
				ENABLE_STRICT_OBJC_MSGSEND = YES;
				ENABLE_TESTABILITY = YES;
				GCC_C_LANGUAGE_STANDARD = gnu11;
				GCC_DYNAMIC_NO_PIC = NO;
				GCC_NO_COMMON_BLOCKS = YES;
				GCC_OPTIMIZATION_LEVEL = 0;
				GCC_PREPROCESSOR_DEFINITIONS = (
					"DEBUG=1",
					"$(inherited)",
				);
				GCC_WARN_64_TO_32_BIT_CONVERSION = YES;
				GCC_WARN_ABOUT_RETURN_TYPE = YES_ERROR;
				GCC_WARN_UNDECLARED_SELECTOR = YES;
				GCC_WARN_UNINITIALIZED_AUTOS = YES_AGGRESSIVE;
				GCC_WARN_UNUSED_FUNCTION = YES;
				GCC_WARN_UNUSED_VARIABLE = YES;
				IPHONEOS_DEPLOYMENT_TARGET = 12.1;
				MTL_ENABLE_DEBUG_INFO = INCLUDE_SOURCE;
				MTL_FAST_MATH = YES;
				ONLY_ACTIVE_ARCH = YES;
				SDKROOT = iphoneos;
				SWIFT_ACTIVE_COMPILATION_CONDITIONS = DEBUG;
				SWIFT_OPTIMIZATION_LEVEL = "-Onone";
			};
			name = Debug;
		};
		E8E16D77225056C700F1756C /* Release */ = {
			isa = XCBuildConfiguration;
			buildSettings = {
				ALWAYS_SEARCH_USER_PATHS = NO;
				CLANG_ANALYZER_NONNULL = YES;
				CLANG_ANALYZER_NUMBER_OBJECT_CONVERSION = YES_AGGRESSIVE;
				CLANG_CXX_LANGUAGE_STANDARD = "gnu++14";
				CLANG_CXX_LIBRARY = "libc++";
				CLANG_ENABLE_MODULES = YES;
				CLANG_ENABLE_OBJC_ARC = YES;
				CLANG_ENABLE_OBJC_WEAK = YES;
				CLANG_WARN_BLOCK_CAPTURE_AUTORELEASING = YES;
				CLANG_WARN_BOOL_CONVERSION = YES;
				CLANG_WARN_COMMA = YES;
				CLANG_WARN_CONSTANT_CONVERSION = YES;
				CLANG_WARN_DEPRECATED_OBJC_IMPLEMENTATIONS = YES;
				CLANG_WARN_DIRECT_OBJC_ISA_USAGE = YES_ERROR;
				CLANG_WARN_DOCUMENTATION_COMMENTS = YES;
				CLANG_WARN_EMPTY_BODY = YES;
				CLANG_WARN_ENUM_CONVERSION = YES;
				CLANG_WARN_INFINITE_RECURSION = YES;
				CLANG_WARN_INT_CONVERSION = YES;
				CLANG_WARN_NON_LITERAL_NULL_CONVERSION = YES;
				CLANG_WARN_OBJC_IMPLICIT_RETAIN_SELF = YES;
				CLANG_WARN_OBJC_LITERAL_CONVERSION = YES;
				CLANG_WARN_OBJC_ROOT_CLASS = YES_ERROR;
				CLANG_WARN_RANGE_LOOP_ANALYSIS = YES;
				CLANG_WARN_STRICT_PROTOTYPES = YES;
				CLANG_WARN_SUSPICIOUS_MOVE = YES;
				CLANG_WARN_UNGUARDED_AVAILABILITY = YES_AGGRESSIVE;
				CLANG_WARN_UNREACHABLE_CODE = YES;
				CLANG_WARN__DUPLICATE_METHOD_MATCH = YES;
				CODE_SIGN_IDENTITY = "iPhone Developer";
				COPY_PHASE_STRIP = NO;
				DEBUG_INFORMATION_FORMAT = "dwarf-with-dsym";
				ENABLE_NS_ASSERTIONS = NO;
				ENABLE_STRICT_OBJC_MSGSEND = YES;
				GCC_C_LANGUAGE_STANDARD = gnu11;
				GCC_NO_COMMON_BLOCKS = YES;
				GCC_WARN_64_TO_32_BIT_CONVERSION = YES;
				GCC_WARN_ABOUT_RETURN_TYPE = YES_ERROR;
				GCC_WARN_UNDECLARED_SELECTOR = YES;
				GCC_WARN_UNINITIALIZED_AUTOS = YES_AGGRESSIVE;
				GCC_WARN_UNUSED_FUNCTION = YES;
				GCC_WARN_UNUSED_VARIABLE = YES;
				IPHONEOS_DEPLOYMENT_TARGET = 12.1;
				MTL_ENABLE_DEBUG_INFO = NO;
				MTL_FAST_MATH = YES;
				SDKROOT = iphoneos;
				SWIFT_COMPILATION_MODE = wholemodule;
				SWIFT_OPTIMIZATION_LEVEL = "-O";
				VALIDATE_PRODUCT = YES;
			};
			name = Release;
		};
		E8E16D79225056C700F1756C /* Debug */ = {
			isa = XCBuildConfiguration;
			buildSettings = {
				ASSETCATALOG_COMPILER_APPICON_NAME = AppIcon;
				CODE_SIGN_STYLE = Automatic;
				INFOPLIST_FILE = Hydrants/Info.plist;
				LD_RUNPATH_SEARCH_PATHS = (
					"$(inherited)",
					"@executable_path/Frameworks",
				);
				PRODUCT_BUNDLE_IDENTIFIER = Matthew.Hydrants;
				PRODUCT_NAME = "$(TARGET_NAME)";
				SWIFT_VERSION = 4.2;
				TARGETED_DEVICE_FAMILY = "1,2";
			};
			name = Debug;
		};
		E8E16D7A225056C700F1756C /* Release */ = {
			isa = XCBuildConfiguration;
			buildSettings = {
				ASSETCATALOG_COMPILER_APPICON_NAME = AppIcon;
				CODE_SIGN_STYLE = Automatic;
				INFOPLIST_FILE = Hydrants/Info.plist;
				LD_RUNPATH_SEARCH_PATHS = (
					"$(inherited)",
					"@executable_path/Frameworks",
				);
				PRODUCT_BUNDLE_IDENTIFIER = Matthew.Hydrants;
				PRODUCT_NAME = "$(TARGET_NAME)";
				SWIFT_VERSION = 4.2;
				TARGETED_DEVICE_FAMILY = "1,2";
			};
			name = Release;
		};
		E8E16D7C225056C700F1756C /* Debug */ = {
			isa = XCBuildConfiguration;
			buildSettings = {
				ALWAYS_EMBED_SWIFT_STANDARD_LIBRARIES = YES;
				BUNDLE_LOADER = "$(TEST_HOST)";
				CODE_SIGN_STYLE = Automatic;
				INFOPLIST_FILE = HydrantsTests/Info.plist;
				LD_RUNPATH_SEARCH_PATHS = (
					"$(inherited)",
					"@executable_path/Frameworks",
					"@loader_path/Frameworks",
				);
				PRODUCT_BUNDLE_IDENTIFIER = Matthew.HydrantsTests;
				PRODUCT_NAME = "$(TARGET_NAME)";
				SWIFT_VERSION = 4.2;
				TARGETED_DEVICE_FAMILY = "1,2";
				TEST_HOST = "$(BUILT_PRODUCTS_DIR)/Hydrants.app/Hydrants";
			};
			name = Debug;
		};
		E8E16D7D225056C700F1756C /* Release */ = {
			isa = XCBuildConfiguration;
			buildSettings = {
				ALWAYS_EMBED_SWIFT_STANDARD_LIBRARIES = YES;
				BUNDLE_LOADER = "$(TEST_HOST)";
				CODE_SIGN_STYLE = Automatic;
				INFOPLIST_FILE = HydrantsTests/Info.plist;
				LD_RUNPATH_SEARCH_PATHS = (
					"$(inherited)",
					"@executable_path/Frameworks",
					"@loader_path/Frameworks",
				);
				PRODUCT_BUNDLE_IDENTIFIER = Matthew.HydrantsTests;
				PRODUCT_NAME = "$(TARGET_NAME)";
				SWIFT_VERSION = 4.2;
				TARGETED_DEVICE_FAMILY = "1,2";
				TEST_HOST = "$(BUILT_PRODUCTS_DIR)/Hydrants.app/Hydrants";
			};
			name = Release;
		};
		E8E16D7F225056C700F1756C /* Debug */ = {
			isa = XCBuildConfiguration;
			buildSettings = {
				ALWAYS_EMBED_SWIFT_STANDARD_LIBRARIES = YES;
				CODE_SIGN_STYLE = Automatic;
				INFOPLIST_FILE = HydrantsUITests/Info.plist;
				LD_RUNPATH_SEARCH_PATHS = (
					"$(inherited)",
					"@executable_path/Frameworks",
					"@loader_path/Frameworks",
				);
				PRODUCT_BUNDLE_IDENTIFIER = Matthew.HydrantsUITests;
				PRODUCT_NAME = "$(TARGET_NAME)";
				SWIFT_VERSION = 4.2;
				TARGETED_DEVICE_FAMILY = "1,2";
				TEST_TARGET_NAME = Hydrants;
			};
			name = Debug;
		};
		E8E16D80225056C700F1756C /* Release */ = {
			isa = XCBuildConfiguration;
			buildSettings = {
				ALWAYS_EMBED_SWIFT_STANDARD_LIBRARIES = YES;
				CODE_SIGN_STYLE = Automatic;
				INFOPLIST_FILE = HydrantsUITests/Info.plist;
				LD_RUNPATH_SEARCH_PATHS = (
					"$(inherited)",
					"@executable_path/Frameworks",
					"@loader_path/Frameworks",
				);
				PRODUCT_BUNDLE_IDENTIFIER = Matthew.HydrantsUITests;
				PRODUCT_NAME = "$(TARGET_NAME)";
				SWIFT_VERSION = 4.2;
				TARGETED_DEVICE_FAMILY = "1,2";
				TEST_TARGET_NAME = Hydrants;
			};
			name = Release;
		};
/* End XCBuildConfiguration section */

/* Begin XCConfigurationList section */
		E8E16D4B225056C500F1756C /* Build configuration list for PBXProject "Hydrants" */ = {
			isa = XCConfigurationList;
			buildConfigurations = (
				E8E16D76225056C700F1756C /* Debug */,
				E8E16D77225056C700F1756C /* Release */,
			);
			defaultConfigurationIsVisible = 0;
			defaultConfigurationName = Release;
		};
		E8E16D78225056C700F1756C /* Build configuration list for PBXNativeTarget "Hydrants" */ = {
			isa = XCConfigurationList;
			buildConfigurations = (
				E8E16D79225056C700F1756C /* Debug */,
				E8E16D7A225056C700F1756C /* Release */,
			);
			defaultConfigurationIsVisible = 0;
			defaultConfigurationName = Release;
		};
		E8E16D7B225056C700F1756C /* Build configuration list for PBXNativeTarget "HydrantsTests" */ = {
			isa = XCConfigurationList;
			buildConfigurations = (
				E8E16D7C225056C700F1756C /* Debug */,
				E8E16D7D225056C700F1756C /* Release */,
			);
			defaultConfigurationIsVisible = 0;
			defaultConfigurationName = Release;
		};
		E8E16D7E225056C700F1756C /* Build configuration list for PBXNativeTarget "HydrantsUITests" */ = {
			isa = XCConfigurationList;
			buildConfigurations = (
				E8E16D7F225056C700F1756C /* Debug */,
				E8E16D80225056C700F1756C /* Release */,
			);
			defaultConfigurationIsVisible = 0;
			defaultConfigurationName = Release;
		};
/* End XCConfigurationList section */
	};
	rootObject = E8E16D48225056C500F1756C /* Project object */;
}
